
Microsoft Visual Studio Solution File, Format Version 12.00
# Visual Studio Version 17
VisualStudioVersion = 17.11.35312.102
MinimumVisualStudioVersion = 10.0.40219.1
Project("{FAE04EC0-301F-11D3-BF4B-00C04F79EFBC}") = "ReactWithASP.Server", "ReactWithASP.Server\ReactWithASP.Server.csproj", "{DAB3AB32-2CD7-42AE-9E0B-51A0571F7859}"
EndProject
Project("{54A90642-561A-4BB1-A94E-469ADEE60C69}") = "reactwithasp.client", "reactwithasp.client\reactwithasp.client.esproj", "{2132A82A-FDD8-4378-87DE-C39D84C43BF2}"
EndProject
Global
	GlobalSection(SolutionConfigurationPlatforms) = preSolution
		Debug|Any CPU = Debug|Any CPU
		Release|Any CPU = Release|Any CPU
	EndGlobalSection
	GlobalSection(ProjectConfigurationPlatforms) = postSolution
		{DAB3AB32-2CD7-42AE-9E0B-51A0571F7859}.Debug|Any CPU.ActiveCfg = Debug|Any CPU
		{DAB3AB32-2CD7-42AE-9E0B-51A0571F7859}.Debug|Any CPU.Build.0 = Debug|Any CPU
		{DAB3AB32-2CD7-42AE-9E0B-51A0571F7859}.Release|Any CPU.ActiveCfg = Release|Any CPU
		{DAB3AB32-2CD7-42AE-9E0B-51A0571F7859}.Release|Any CPU.Build.0 = Release|Any CPU
		{2132A82A-FDD8-4378-87DE-C39D84C43BF2}.Debug|Any CPU.ActiveCfg = Debug|Any CPU
		{2132A82A-FDD8-4378-87DE-C39D84C43BF2}.Debug|Any CPU.Build.0 = Debug|Any CPU
		{2132A82A-FDD8-4378-87DE-C39D84C43BF2}.Debug|Any CPU.Deploy.0 = Debug|Any CPU
		{2132A82A-FDD8-4378-87DE-C39D84C43BF2}.Release|Any CPU.ActiveCfg = Release|Any CPU
		{2132A82A-FDD8-4378-87DE-C39D84C43BF2}.Release|Any CPU.Build.0 = Release|Any CPU
		{2132A82A-FDD8-4378-87DE-C39D84C43BF2}.Release|Any CPU.Deploy.0 = Release|Any CPU
	EndGlobalSection
	GlobalSection(SolutionProperties) = preSolution
		HideSolutionNode = FALSE
	EndGlobalSection
	GlobalSection(ExtensibilityGlobals) = postSolution
		SolutionGuid = {8804845D-46B1-4FFB-A32B-13BE39DCD967}
	EndGlobalSection
EndGlobal
